// !$*UTF8*$!
{
	archiveVersion = 1;
	classes = {
	};
	objectVersion = 46;
	objects = {

/* Begin PBXBuildFile section */
		13B07FBC1A68108700A75B9A /* AppDelegate.m in Sources */ = {isa = PBXBuildFile; fileRef = 13B07FB01A68108700A75B9A /* AppDelegate.m */; };
		13B07FBD1A68108700A75B9A /* LaunchScreen.xib in Resources */ = {isa = PBXBuildFile; fileRef = 13B07FB11A68108700A75B9A /* LaunchScreen.xib */; };
		13B07FBF1A68108700A75B9A /* Images.xcassets in Resources */ = {isa = PBXBuildFile; fileRef = 13B07FB51A68108700A75B9A /* Images.xcassets */; };
		13B07FC11A68108700A75B9A /* main.m in Sources */ = {isa = PBXBuildFile; fileRef = 13B07FB71A68108700A75B9A /* main.m */; };
		5AB23A10C16B7EF2FEAD6CC6 /* libPods-blum.a in Frameworks */ = {isa = PBXBuildFile; fileRef = 12B03158E5D8A8C1866C410D /* libPods-blum.a */; };
		FFE41A9F23DD87D7003359A3 /* EmptyStab.swift in Sources */ = {isa = PBXBuildFile; fileRef = FFE41A9E23DD87D7003359A3 /* EmptyStab.swift */; };
		FFE41AB223DD8977003359A3 /* IBMPlexMono-ExtraLight.ttf in Resources */ = {isa = PBXBuildFile; fileRef = FFE41AA923DD8859003359A3 /* IBMPlexMono-ExtraLight.ttf */; };
		FFE41AB323DD8977003359A3 /* IBMPlexMono-Italic.ttf in Resources */ = {isa = PBXBuildFile; fileRef = FFE41AA823DD8859003359A3 /* IBMPlexMono-Italic.ttf */; };
		FFE41AB423DD8977003359A3 /* IBMPlexMono-Medium.ttf in Resources */ = {isa = PBXBuildFile; fileRef = FFE41AA723DD8858003359A3 /* IBMPlexMono-Medium.ttf */; };
		FFE41AB523DD8977003359A3 /* IBMPlexMono-Regular.ttf in Resources */ = {isa = PBXBuildFile; fileRef = FFE41AA623DD8858003359A3 /* IBMPlexMono-Regular.ttf */; };
		FFE41AB623DD897F003359A3 /* sound.mp3 in Resources */ = {isa = PBXBuildFile; fileRef = FFE41AA423DD8836003359A3 /* sound.mp3 */; };
		FFE41AB723DD897F003359A3 /* kaleidoscope.js in Resources */ = {isa = PBXBuildFile; fileRef = FFE41AA023DD881F003359A3 /* kaleidoscope.js */; };
		FFE41AB823DD897F003359A3 /* p5.min.js in Resources */ = {isa = PBXBuildFile; fileRef = FFE41AA123DD881F003359A3 /* p5.min.js */; };
/* End PBXBuildFile section */

/* Begin PBXFileReference section */
		008F07F21AC5B25A0029DE68 /* main.jsbundle */ = {isa = PBXFileReference; fileEncoding = 4; lastKnownFileType = text; path = main.jsbundle; sourceTree = "<group>"; };
		00E356F11AD99517003FC87E /* Info.plist */ = {isa = PBXFileReference; lastKnownFileType = text.plist.xml; path = Info.plist; sourceTree = "<group>"; };
		00E356F21AD99517003FC87E /* blumTests.m */ = {isa = PBXFileReference; lastKnownFileType = sourcecode.c.objc; path = blumTests.m; sourceTree = "<group>"; };
		12B03158E5D8A8C1866C410D /* libPods-blum.a */ = {isa = PBXFileReference; explicitFileType = archive.ar; includeInIndex = 0; path = "libPods-blum.a"; sourceTree = BUILT_PRODUCTS_DIR; };
		13B07F961A680F5B00A75B9A /* Introvert.app */ = {isa = PBXFileReference; explicitFileType = wrapper.application; includeInIndex = 0; path = Introvert.app; sourceTree = BUILT_PRODUCTS_DIR; };
		13B07FAF1A68108700A75B9A /* AppDelegate.h */ = {isa = PBXFileReference; fileEncoding = 4; lastKnownFileType = sourcecode.c.h; name = AppDelegate.h; path = blum/AppDelegate.h; sourceTree = "<group>"; };
		13B07FB01A68108700A75B9A /* AppDelegate.m */ = {isa = PBXFileReference; fileEncoding = 4; lastKnownFileType = sourcecode.c.objc; name = AppDelegate.m; path = blum/AppDelegate.m; sourceTree = "<group>"; };
		13B07FB21A68108700A75B9A /* Base */ = {isa = PBXFileReference; lastKnownFileType = file.xib; name = Base; path = Base.lproj/LaunchScreen.xib; sourceTree = "<group>"; };
		13B07FB51A68108700A75B9A /* Images.xcassets */ = {isa = PBXFileReference; lastKnownFileType = folder.assetcatalog; name = Images.xcassets; path = blum/Images.xcassets; sourceTree = "<group>"; };
		13B07FB61A68108700A75B9A /* Info.plist */ = {isa = PBXFileReference; fileEncoding = 4; lastKnownFileType = text.plist.xml; name = Info.plist; path = blum/Info.plist; sourceTree = "<group>"; };
		13B07FB71A68108700A75B9A /* main.m */ = {isa = PBXFileReference; fileEncoding = 4; lastKnownFileType = sourcecode.c.objc; name = main.m; path = blum/main.m; sourceTree = "<group>"; };
		1A9DC44F314755D032C52C75 /* Pods-blum-tvOS.release.xcconfig */ = {isa = PBXFileReference; includeInIndex = 1; lastKnownFileType = text.xcconfig; name = "Pods-blum-tvOS.release.xcconfig"; path = "Target Support Files/Pods-blum-tvOS/Pods-blum-tvOS.release.xcconfig"; sourceTree = "<group>"; };
		1E7882D58A334C365FF2C42D /* Pods-blumTests.release.xcconfig */ = {isa = PBXFileReference; includeInIndex = 1; lastKnownFileType = text.xcconfig; name = "Pods-blumTests.release.xcconfig"; path = "Target Support Files/Pods-blumTests/Pods-blumTests.release.xcconfig"; sourceTree = "<group>"; };
		206651F5699DF6BC76DEB28C /* Pods-blum.debug.xcconfig */ = {isa = PBXFileReference; includeInIndex = 1; lastKnownFileType = text.xcconfig; name = "Pods-blum.debug.xcconfig"; path = "Target Support Files/Pods-blum/Pods-blum.debug.xcconfig"; sourceTree = "<group>"; };
		44B121E650D86017C3B6067F /* Pods-blum-tvOSTests.debug.xcconfig */ = {isa = PBXFileReference; includeInIndex = 1; lastKnownFileType = text.xcconfig; name = "Pods-blum-tvOSTests.debug.xcconfig"; path = "Target Support Files/Pods-blum-tvOSTests/Pods-blum-tvOSTests.debug.xcconfig"; sourceTree = "<group>"; };
		54894656626283BBC10D4AED /* Pods-blum-tvOSTests.release.xcconfig */ = {isa = PBXFileReference; includeInIndex = 1; lastKnownFileType = text.xcconfig; name = "Pods-blum-tvOSTests.release.xcconfig"; path = "Target Support Files/Pods-blum-tvOSTests/Pods-blum-tvOSTests.release.xcconfig"; sourceTree = "<group>"; };
		60466AA5F2A3C82CD7224888 /* Pods-blum-tvOS.debug.xcconfig */ = {isa = PBXFileReference; includeInIndex = 1; lastKnownFileType = text.xcconfig; name = "Pods-blum-tvOS.debug.xcconfig"; path = "Target Support Files/Pods-blum-tvOS/Pods-blum-tvOS.debug.xcconfig"; sourceTree = "<group>"; };
		6AC8753FA8DD3484055961E5 /* Pods-blum.release.xcconfig */ = {isa = PBXFileReference; includeInIndex = 1; lastKnownFileType = text.xcconfig; name = "Pods-blum.release.xcconfig"; path = "Target Support Files/Pods-blum/Pods-blum.release.xcconfig"; sourceTree = "<group>"; };
		6FABF3C0842D3EDD15269CA1 /* libPods-blum-tvOS.a */ = {isa = PBXFileReference; explicitFileType = archive.ar; includeInIndex = 0; path = "libPods-blum-tvOS.a"; sourceTree = BUILT_PRODUCTS_DIR; };
		751ADEC2C9F0EEA77912A81F /* libPods-blum-tvOSTests.a */ = {isa = PBXFileReference; explicitFileType = archive.ar; includeInIndex = 0; path = "libPods-blum-tvOSTests.a"; sourceTree = BUILT_PRODUCTS_DIR; };
		A59B72277AC6B315E210C038 /* libPods-blumTests.a */ = {isa = PBXFileReference; explicitFileType = archive.ar; includeInIndex = 0; path = "libPods-blumTests.a"; sourceTree = BUILT_PRODUCTS_DIR; };
		A8BA13E8777C4DE8A78B369C /* Pods-blumTests.debug.xcconfig */ = {isa = PBXFileReference; includeInIndex = 1; lastKnownFileType = text.xcconfig; name = "Pods-blumTests.debug.xcconfig"; path = "Target Support Files/Pods-blumTests/Pods-blumTests.debug.xcconfig"; sourceTree = "<group>"; };
		ED297162215061F000B7C4FE /* JavaScriptCore.framework */ = {isa = PBXFileReference; lastKnownFileType = wrapper.framework; name = JavaScriptCore.framework; path = System/Library/Frameworks/JavaScriptCore.framework; sourceTree = SDKROOT; };
		ED2971642150620600B7C4FE /* JavaScriptCore.framework */ = {isa = PBXFileReference; lastKnownFileType = wrapper.framework; name = JavaScriptCore.framework; path = Platforms/AppleTVOS.platform/Developer/SDKs/AppleTVOS12.0.sdk/System/Library/Frameworks/JavaScriptCore.framework; sourceTree = DEVELOPER_DIR; };
		FFE41A9D23DD87D6003359A3 /* blum-Bridging-Header.h */ = {isa = PBXFileReference; lastKnownFileType = sourcecode.c.h; path = "blum-Bridging-Header.h"; sourceTree = "<group>"; };
		FFE41A9E23DD87D7003359A3 /* EmptyStab.swift */ = {isa = PBXFileReference; fileEncoding = 4; lastKnownFileType = sourcecode.swift; path = EmptyStab.swift; sourceTree = "<group>"; };
		FFE41AA023DD881F003359A3 /* kaleidoscope.js */ = {isa = PBXFileReference; lastKnownFileType = sourcecode.javascript; name = kaleidoscope.js; path = web/kaleidoscope.js; sourceTree = "<group>"; };
		FFE41AA123DD881F003359A3 /* p5.min.js */ = {isa = PBXFileReference; lastKnownFileType = sourcecode.javascript; name = p5.min.js; path = web/p5.min.js; sourceTree = "<group>"; };
		FFE41AA423DD8836003359A3 /* sound.mp3 */ = {isa = PBXFileReference; lastKnownFileType = audio.mp3; name = sound.mp3; path = sounds/sound.mp3; sourceTree = "<group>"; };
		FFE41AA623DD8858003359A3 /* IBMPlexMono-Regular.ttf */ = {isa = PBXFileReference; lastKnownFileType = file; name = "IBMPlexMono-Regular.ttf"; path = "blum/fonts/IBMPlexMono-Regular.ttf"; sourceTree = "<group>"; };
		FFE41AA723DD8858003359A3 /* IBMPlexMono-Medium.ttf */ = {isa = PBXFileReference; lastKnownFileType = file; name = "IBMPlexMono-Medium.ttf"; path = "blum/fonts/IBMPlexMono-Medium.ttf"; sourceTree = "<group>"; };
		FFE41AA823DD8859003359A3 /* IBMPlexMono-Italic.ttf */ = {isa = PBXFileReference; lastKnownFileType = file; name = "IBMPlexMono-Italic.ttf"; path = "blum/fonts/IBMPlexMono-Italic.ttf"; sourceTree = "<group>"; };
		FFE41AA923DD8859003359A3 /* IBMPlexMono-ExtraLight.ttf */ = {isa = PBXFileReference; lastKnownFileType = file; name = "IBMPlexMono-ExtraLight.ttf"; path = "blum/fonts/IBMPlexMono-ExtraLight.ttf"; sourceTree = "<group>"; };
/* End PBXFileReference section */

/* Begin PBXFrameworksBuildPhase section */
		13B07F8C1A680F5B00A75B9A /* Frameworks */ = {
			isa = PBXFrameworksBuildPhase;
			buildActionMask = 2147483647;
			files = (
				5AB23A10C16B7EF2FEAD6CC6 /* libPods-blum.a in Frameworks */,
			);
			runOnlyForDeploymentPostprocessing = 0;
		};
/* End PBXFrameworksBuildPhase section */

/* Begin PBXGroup section */
		00E356EF1AD99517003FC87E /* blumTests */ = {
			isa = PBXGroup;
			children = (
				00E356F21AD99517003FC87E /* blumTests.m */,
				00E356F01AD99517003FC87E /* Supporting Files */,
			);
			path = blumTests;
			sourceTree = "<group>";
		};
		00E356F01AD99517003FC87E /* Supporting Files */ = {
			isa = PBXGroup;
			children = (
				00E356F11AD99517003FC87E /* Info.plist */,
			);
			name = "Supporting Files";
			sourceTree = "<group>";
		};
		13B07FAE1A68108700A75B9A /* blum */ = {
			isa = PBXGroup;
			children = (
				FFE41AB123DD88CE003359A3 /* fonts */,
				FFE41AB023DD88C1003359A3 /* sounds */,
				FFE41AAF23DD88B4003359A3 /* web */,
				FFE41A9E23DD87D7003359A3 /* EmptyStab.swift */,
				008F07F21AC5B25A0029DE68 /* main.jsbundle */,
				13B07FAF1A68108700A75B9A /* AppDelegate.h */,
				13B07FB01A68108700A75B9A /* AppDelegate.m */,
				13B07FB51A68108700A75B9A /* Images.xcassets */,
				13B07FB61A68108700A75B9A /* Info.plist */,
				13B07FB11A68108700A75B9A /* LaunchScreen.xib */,
				13B07FB71A68108700A75B9A /* main.m */,
				FFE41A9D23DD87D6003359A3 /* blum-Bridging-Header.h */,
			);
			name = blum;
			sourceTree = "<group>";
		};
		2D16E6871FA4F8E400B85C8A /* Frameworks */ = {
			isa = PBXGroup;
			children = (
				ED297162215061F000B7C4FE /* JavaScriptCore.framework */,
				ED2971642150620600B7C4FE /* JavaScriptCore.framework */,
				12B03158E5D8A8C1866C410D /* libPods-blum.a */,
				6FABF3C0842D3EDD15269CA1 /* libPods-blum-tvOS.a */,
				751ADEC2C9F0EEA77912A81F /* libPods-blum-tvOSTests.a */,
				A59B72277AC6B315E210C038 /* libPods-blumTests.a */,
			);
			name = Frameworks;
			sourceTree = "<group>";
		};
		832341AE1AAA6A7D00B99B32 /* Libraries */ = {
			isa = PBXGroup;
			children = (
			);
			name = Libraries;
			sourceTree = "<group>";
		};
		83CBB9F61A601CBA00E9B192 = {
			isa = PBXGroup;
			children = (
				13B07FAE1A68108700A75B9A /* blum */,
				832341AE1AAA6A7D00B99B32 /* Libraries */,
				00E356EF1AD99517003FC87E /* blumTests */,
				83CBBA001A601CBA00E9B192 /* Products */,
				2D16E6871FA4F8E400B85C8A /* Frameworks */,
				935D2010FBC6D61B27C5C96F /* Pods */,
			);
			indentWidth = 2;
			sourceTree = "<group>";
			tabWidth = 2;
			usesTabs = 0;
		};
		83CBBA001A601CBA00E9B192 /* Products */ = {
			isa = PBXGroup;
			children = (
				13B07F961A680F5B00A75B9A /* Introvert.app */,
			);
			name = Products;
			sourceTree = "<group>";
		};
		935D2010FBC6D61B27C5C96F /* Pods */ = {
			isa = PBXGroup;
			children = (
				206651F5699DF6BC76DEB28C /* Pods-blum.debug.xcconfig */,
				6AC8753FA8DD3484055961E5 /* Pods-blum.release.xcconfig */,
				60466AA5F2A3C82CD7224888 /* Pods-blum-tvOS.debug.xcconfig */,
				1A9DC44F314755D032C52C75 /* Pods-blum-tvOS.release.xcconfig */,
				44B121E650D86017C3B6067F /* Pods-blum-tvOSTests.debug.xcconfig */,
				54894656626283BBC10D4AED /* Pods-blum-tvOSTests.release.xcconfig */,
				A8BA13E8777C4DE8A78B369C /* Pods-blumTests.debug.xcconfig */,
				1E7882D58A334C365FF2C42D /* Pods-blumTests.release.xcconfig */,
			);
			path = Pods;
			sourceTree = "<group>";
		};
		FFE41AAF23DD88B4003359A3 /* web */ = {
			isa = PBXGroup;
			children = (
				FFE41AA023DD881F003359A3 /* kaleidoscope.js */,
				FFE41AA123DD881F003359A3 /* p5.min.js */,
			);
			name = web;
			sourceTree = "<group>";
		};
		FFE41AB023DD88C1003359A3 /* sounds */ = {
			isa = PBXGroup;
			children = (
				FFE41AA423DD8836003359A3 /* sound.mp3 */,
			);
			name = sounds;
			sourceTree = "<group>";
		};
		FFE41AB123DD88CE003359A3 /* fonts */ = {
			isa = PBXGroup;
			children = (
				FFE41AA923DD8859003359A3 /* IBMPlexMono-ExtraLight.ttf */,
				FFE41AA823DD8859003359A3 /* IBMPlexMono-Italic.ttf */,
				FFE41AA723DD8858003359A3 /* IBMPlexMono-Medium.ttf */,
				FFE41AA623DD8858003359A3 /* IBMPlexMono-Regular.ttf */,
			);
			name = fonts;
			sourceTree = "<group>";
		};
/* End PBXGroup section */

/* Begin PBXNativeTarget section */
		13B07F861A680F5B00A75B9A /* blum */ = {
			isa = PBXNativeTarget;
			buildConfigurationList = 13B07F931A680F5B00A75B9A /* Build configuration list for PBXNativeTarget "blum" */;
			buildPhases = (
				CA06400E4DC274DC962DB610 /* [CP] Check Pods Manifest.lock */,
				FD10A7F022414F080027D42C /* Start Packager */,
				13B07F871A680F5B00A75B9A /* Sources */,
				13B07F8C1A680F5B00A75B9A /* Frameworks */,
				13B07F8E1A680F5B00A75B9A /* Resources */,
				00DD1BFF1BD5951E006B06BC /* Bundle React Native code and images */,
			);
			buildRules = (
			);
			dependencies = (
			);
			name = blum;
			productName = blum;
			productReference = 13B07F961A680F5B00A75B9A /* Introvert.app */;
			productType = "com.apple.product-type.application";
		};
/* End PBXNativeTarget section */

/* Begin PBXProject section */
		83CBB9F71A601CBA00E9B192 /* Project object */ = {
			isa = PBXProject;
			attributes = {
				LastUpgradeCheck = 0940;
				ORGANIZATIONNAME = Facebook;
				TargetAttributes = {
					13B07F861A680F5B00A75B9A = {
						DevelopmentTeam = UVKR9XG22T;
						LastSwiftMigration = 1130;
					};
				};
			};
			buildConfigurationList = 83CBB9FA1A601CBA00E9B192 /* Build configuration list for PBXProject "Blum" */;
			compatibilityVersion = "Xcode 3.2";
			developmentRegion = English;
			hasScannedForEncodings = 0;
			knownRegions = (
				English,
				en,
				Base,
			);
			mainGroup = 83CBB9F61A601CBA00E9B192;
			productRefGroup = 83CBBA001A601CBA00E9B192 /* Products */;
			projectDirPath = "";
			projectRoot = "";
			targets = (
				13B07F861A680F5B00A75B9A /* blum */,
			);
		};
/* End PBXProject section */

/* Begin PBXResourcesBuildPhase section */
		13B07F8E1A680F5B00A75B9A /* Resources */ = {
			isa = PBXResourcesBuildPhase;
			buildActionMask = 2147483647;
			files = (
				FFE41AB623DD897F003359A3 /* sound.mp3 in Resources */,
				FFE41AB723DD897F003359A3 /* kaleidoscope.js in Resources */,
				FFE41AB823DD897F003359A3 /* p5.min.js in Resources */,
				FFE41AB223DD8977003359A3 /* IBMPlexMono-ExtraLight.ttf in Resources */,
				FFE41AB323DD8977003359A3 /* IBMPlexMono-Italic.ttf in Resources */,
				FFE41AB423DD8977003359A3 /* IBMPlexMono-Medium.ttf in Resources */,
				FFE41AB523DD8977003359A3 /* IBMPlexMono-Regular.ttf in Resources */,
				13B07FBF1A68108700A75B9A /* Images.xcassets in Resources */,
				13B07FBD1A68108700A75B9A /* LaunchScreen.xib in Resources */,
			);
			runOnlyForDeploymentPostprocessing = 0;
		};
/* End PBXResourcesBuildPhase section */

/* Begin PBXShellScriptBuildPhase section */
		00DD1BFF1BD5951E006B06BC /* Bundle React Native code and images */ = {
			isa = PBXShellScriptBuildPhase;
			buildActionMask = 2147483647;
			files = (
			);
			inputPaths = (
			);
			name = "Bundle React Native code and images";
			outputPaths = (
			);
			runOnlyForDeploymentPostprocessing = 0;
			shellPath = /bin/sh;
			shellScript = "export NODE_BINARY=node\n../node_modules/react-native/scripts/react-native-xcode.sh";
		};
		CA06400E4DC274DC962DB610 /* [CP] Check Pods Manifest.lock */ = {
			isa = PBXShellScriptBuildPhase;
			buildActionMask = 2147483647;
			files = (
			);
			inputFileListPaths = (
			);
			inputPaths = (
				"${PODS_PODFILE_DIR_PATH}/Podfile.lock",
				"${PODS_ROOT}/Manifest.lock",
			);
			name = "[CP] Check Pods Manifest.lock";
			outputFileListPaths = (
			);
			outputPaths = (
				"$(DERIVED_FILE_DIR)/Pods-blum-checkManifestLockResult.txt",
			);
			runOnlyForDeploymentPostprocessing = 0;
			shellPath = /bin/sh;
			shellScript = "diff \"${PODS_PODFILE_DIR_PATH}/Podfile.lock\" \"${PODS_ROOT}/Manifest.lock\" > /dev/null\nif [ $? != 0 ] ; then\n    # print error to STDERR\n    echo \"error: The sandbox is not in sync with the Podfile.lock. Run 'pod install' or update your CocoaPods installation.\" >&2\n    exit 1\nfi\n# This output is used by Xcode 'outputs' to avoid re-running this script phase.\necho \"SUCCESS\" > \"${SCRIPT_OUTPUT_FILE_0}\"\n";
			showEnvVarsInLog = 0;
		};
		FD10A7F022414F080027D42C /* Start Packager */ = {
			isa = PBXShellScriptBuildPhase;
			buildActionMask = 2147483647;
			files = (
			);
			inputFileListPaths = (
			);
			inputPaths = (
			);
			name = "Start Packager";
			outputFileListPaths = (
			);
			outputPaths = (
			);
			runOnlyForDeploymentPostprocessing = 0;
			shellPath = /bin/sh;
			shellScript = "export RCT_METRO_PORT=\"${RCT_METRO_PORT:=8081}\"\necho \"export RCT_METRO_PORT=${RCT_METRO_PORT}\" > \"${SRCROOT}/../node_modules/react-native/scripts/.packager.env\"\nif [ -z \"${RCT_NO_LAUNCH_PACKAGER+xxx}\" ] ; then\n  if nc -w 5 -z localhost ${RCT_METRO_PORT} ; then\n    if ! curl -s \"http://localhost:${RCT_METRO_PORT}/status\" | grep -q \"packager-status:running\" ; then\n      echo \"Port ${RCT_METRO_PORT} already in use, packager is either not running or not running correctly\"\n      exit 2\n    fi\n  else\n    open \"$SRCROOT/../node_modules/react-native/scripts/launchPackager.command\" || echo \"Can't start packager automatically\"\n  fi\nfi\n";
			showEnvVarsInLog = 0;
		};
/* End PBXShellScriptBuildPhase section */

/* Begin PBXSourcesBuildPhase section */
		13B07F871A680F5B00A75B9A /* Sources */ = {
			isa = PBXSourcesBuildPhase;
			buildActionMask = 2147483647;
			files = (
				13B07FBC1A68108700A75B9A /* AppDelegate.m in Sources */,
				13B07FC11A68108700A75B9A /* main.m in Sources */,
				FFE41A9F23DD87D7003359A3 /* EmptyStab.swift in Sources */,
			);
			runOnlyForDeploymentPostprocessing = 0;
		};
/* End PBXSourcesBuildPhase section */

/* Begin PBXVariantGroup section */
		13B07FB11A68108700A75B9A /* LaunchScreen.xib */ = {
			isa = PBXVariantGroup;
			children = (
				13B07FB21A68108700A75B9A /* Base */,
			);
			name = LaunchScreen.xib;
			path = blum;
			sourceTree = "<group>";
		};
/* End PBXVariantGroup section */

/* Begin XCBuildConfiguration section */
		13B07F941A680F5B00A75B9A /* Debug */ = {
			isa = XCBuildConfiguration;
			baseConfigurationReference = 206651F5699DF6BC76DEB28C /* Pods-blum.debug.xcconfig */;
			buildSettings = {
				ASSETCATALOG_COMPILER_APPICON_NAME = AppIcon;
				CLANG_ENABLE_MODULES = YES;
				CURRENT_PROJECT_VERSION = 1.0.34;
				DEAD_CODE_STRIPPING = NO;
				DEVELOPMENT_TEAM = UVKR9XG22T;
				INFOPLIST_FILE = blum/Info.plist;
				LD_RUNPATH_SEARCH_PATHS = "$(inherited) @executable_path/Frameworks";
				MARKETING_VERSION = 1.0.34;
				OTHER_LDFLAGS = (
					"$(inherited)",
					"-ObjC",
					"-lc++",
				);
				PRODUCT_BUNDLE_IDENTIFIER = co.iamintrovert.introvert;
				PRODUCT_NAME = Introvert;
				SWIFT_OBJC_BRIDGING_HEADER = "blum-Bridging-Header.h";
				SWIFT_OPTIMIZATION_LEVEL = "-Onone";
				SWIFT_VERSION = 5.0;
				VERSIONING_SYSTEM = "apple-generic";
			};
			name = Debug;
		};
		13B07F951A680F5B00A75B9A /* Release */ = {
			isa = XCBuildConfiguration;
			baseConfigurationReference = 6AC8753FA8DD3484055961E5 /* Pods-blum.release.xcconfig */;
			buildSettings = {
				ASSETCATALOG_COMPILER_APPICON_NAME = AppIcon;
				CLANG_ENABLE_MODULES = YES;
				CURRENT_PROJECT_VERSION = 1.0.34;
				DEVELOPMENT_TEAM = UVKR9XG22T;
				INFOPLIST_FILE = blum/Info.plist;
				LD_RUNPATH_SEARCH_PATHS = "$(inherited) @executable_path/Frameworks";
				MARKETING_VERSION = 1.0.34;
				OTHER_LDFLAGS = (
					"$(inherited)",
					"-ObjC",
					"-lc++",
				);
				PRODUCT_BUNDLE_IDENTIFIER = co.iamintrovert.introvert;
				PRODUCT_NAME = Introvert;
				SWIFT_OBJC_BRIDGING_HEADER = "blum-Bridging-Header.h";
				SWIFT_VERSION = 5.0;
				VERSIONING_SYSTEM = "apple-generic";
			};
			name = Release;
		};
		83CBBA201A601CBA00E9B192 /* Debug */ = {
			isa = XCBuildConfiguration;
			buildSettings = {
				ALWAYS_SEARCH_USER_PATHS = NO;
				CLANG_CXX_LANGUAGE_STANDARD = "gnu++0x";
				CLANG_CXX_LIBRARY = "libc++";
				CLANG_ENABLE_MODULES = YES;
				CLANG_ENABLE_OBJC_ARC = YES;
				CLANG_WARN_BLOCK_CAPTURE_AUTORELEASING = YES;
				CLANG_WARN_BOOL_CONVERSION = YES;
				CLANG_WARN_COMMA = YES;
				CLANG_WARN_CONSTANT_CONVERSION = YES;
				CLANG_WARN_DEPRECATED_OBJC_IMPLEMENTATIONS = YES;
				CLANG_WARN_DIRECT_OBJC_ISA_USAGE = YES_ERROR;
				CLANG_WARN_EMPTY_BODY = YES;
				CLANG_WARN_ENUM_CONVERSION = YES;
				CLANG_WARN_INFINITE_RECURSION = YES;
				CLANG_WARN_INT_CONVERSION = YES;
				CLANG_WARN_NON_LITERAL_NULL_CONVERSION = YES;
				CLANG_WARN_OBJC_IMPLICIT_RETAIN_SELF = YES;
				CLANG_WARN_OBJC_LITERAL_CONVERSION = YES;
				CLANG_WARN_OBJC_ROOT_CLASS = YES_ERROR;
				CLANG_WARN_RANGE_LOOP_ANALYSIS = YES;
				CLANG_WARN_STRICT_PROTOTYPES = YES;
				CLANG_WARN_SUSPICIOUS_MOVE = YES;
				CLANG_WARN_UNREACHABLE_CODE = YES;
				CLANG_WARN__DUPLICATE_METHOD_MATCH = YES;
				"CODE_SIGN_IDENTITY[sdk=iphoneos*]" = "iPhone Developer";
				COPY_PHASE_STRIP = NO;
				ENABLE_STRICT_OBJC_MSGSEND = YES;
				ENABLE_TESTABILITY = YES;
				GCC_C_LANGUAGE_STANDARD = gnu99;
				GCC_DYNAMIC_NO_PIC = NO;
				GCC_NO_COMMON_BLOCKS = YES;
				GCC_OPTIMIZATION_LEVEL = 0;
				GCC_PREPROCESSOR_DEFINITIONS = (
					"DEBUG=1",
					"$(inherited)",
				);
				GCC_SYMBOLS_PRIVATE_EXTERN = NO;
				GCC_WARN_64_TO_32_BIT_CONVERSION = YES;
				GCC_WARN_ABOUT_RETURN_TYPE = YES_ERROR;
				GCC_WARN_UNDECLARED_SELECTOR = YES;
				GCC_WARN_UNINITIALIZED_AUTOS = YES_AGGRESSIVE;
				GCC_WARN_UNUSED_FUNCTION = YES;
				GCC_WARN_UNUSED_VARIABLE = YES;
				IPHONEOS_DEPLOYMENT_TARGET = 9.0;
				MTL_ENABLE_DEBUG_INFO = YES;
				ONLY_ACTIVE_ARCH = YES;
				SDKROOT = iphoneos;
			};
			name = Debug;
		};
		83CBBA211A601CBA00E9B192 /* Release */ = {
			isa = XCBuildConfiguration;
			buildSettings = {
				ALWAYS_SEARCH_USER_PATHS = NO;
				CLANG_CXX_LANGUAGE_STANDARD = "gnu++0x";
				CLANG_CXX_LIBRARY = "libc++";
				CLANG_ENABLE_MODULES = YES;
				CLANG_ENABLE_OBJC_ARC = YES;
				CLANG_WARN_BLOCK_CAPTURE_AUTORELEASING = YES;
				CLANG_WARN_BOOL_CONVERSION = YES;
				CLANG_WARN_COMMA = YES;
				CLANG_WARN_CONSTANT_CONVERSION = YES;
				CLANG_WARN_DEPRECATED_OBJC_IMPLEMENTATIONS = YES;
				CLANG_WARN_DIRECT_OBJC_ISA_USAGE = YES_ERROR;
				CLANG_WARN_EMPTY_BODY = YES;
				CLANG_WARN_ENUM_CONVERSION = YES;
				CLANG_WARN_INFINITE_RECURSION = YES;
				CLANG_WARN_INT_CONVERSION = YES;
				CLANG_WARN_NON_LITERAL_NULL_CONVERSION = YES;
				CLANG_WARN_OBJC_IMPLICIT_RETAIN_SELF = YES;
				CLANG_WARN_OBJC_LITERAL_CONVERSION = YES;
				CLANG_WARN_OBJC_ROOT_CLASS = YES_ERROR;
				CLANG_WARN_RANGE_LOOP_ANALYSIS = YES;
				CLANG_WARN_STRICT_PROTOTYPES = YES;
				CLANG_WARN_SUSPICIOUS_MOVE = YES;
				CLANG_WARN_UNREACHABLE_CODE = YES;
				CLANG_WARN__DUPLICATE_METHOD_MATCH = YES;
				"CODE_SIGN_IDENTITY[sdk=iphoneos*]" = "iPhone Developer";
				COPY_PHASE_STRIP = YES;
				ENABLE_NS_ASSERTIONS = NO;
				ENABLE_STRICT_OBJC_MSGSEND = YES;
				GCC_C_LANGUAGE_STANDARD = gnu99;
				GCC_NO_COMMON_BLOCKS = YES;
				GCC_WARN_64_TO_32_BIT_CONVERSION = YES;
				GCC_WARN_ABOUT_RETURN_TYPE = YES_ERROR;
				GCC_WARN_UNDECLARED_SELECTOR = YES;
				GCC_WARN_UNINITIALIZED_AUTOS = YES_AGGRESSIVE;
				GCC_WARN_UNUSED_FUNCTION = YES;
				GCC_WARN_UNUSED_VARIABLE = YES;
				IPHONEOS_DEPLOYMENT_TARGET = 9.0;
				MTL_ENABLE_DEBUG_INFO = NO;
				SDKROOT = iphoneos;
				VALIDATE_PRODUCT = YES;
			};
			name = Release;
		};
/* End XCBuildConfiguration section */

/* Begin XCConfigurationList section */
		13B07F931A680F5B00A75B9A /* Build configuration list for PBXNativeTarget "blum" */ = {
			isa = XCConfigurationList;
			buildConfigurations = (
				13B07F941A680F5B00A75B9A /* Debug */,
				13B07F951A680F5B00A75B9A /* Release */,
			);
			defaultConfigurationIsVisible = 0;
			defaultConfigurationName = Release;
		};
		83CBB9FA1A601CBA00E9B192 /* Build configuration list for PBXProject "Blum" */ = {
			isa = XCConfigurationList;
			buildConfigurations = (
				83CBBA201A601CBA00E9B192 /* Debug */,
				83CBBA211A601CBA00E9B192 /* Release */,
			);
			defaultConfigurationIsVisible = 0;
			defaultConfigurationName = Release;
		};
/* End XCConfigurationList section */
	};
	rootObject = 83CBB9F71A601CBA00E9B192 /* Project object */;
}
